
Microsoft Visual Studio Solution File, Format Version 12.00
# Visual Studio Version 16
VisualStudioVersion = 16.0.30611.23
MinimumVisualStudioVersion = 10.0.40219.1
Project("{FAE04EC0-301F-11D3-BF4B-00C04F79EFBC}") = "stack_test", "stack_test.csproj", "{ED31DB02-D7B4-489A-B826-0EDF95A504C9}"
EndProject
Global
	GlobalSection(SolutionConfigurationPlatforms) = preSolution
		Debug|Any CPU = Debug|Any CPU
		Release|Any CPU = Release|Any CPU
	EndGlobalSection
	GlobalSection(ProjectConfigurationPlatforms) = postSolution
		{ED31DB02-D7B4-489A-B826-0EDF95A504C9}.Debug|Any CPU.ActiveCfg = Debug|Any CPU
		{ED31DB02-D7B4-489A-B826-0EDF95A504C9}.Debug|Any CPU.Build.0 = Debug|Any CPU
		{ED31DB02-D7B4-489A-B826-0EDF95A504C9}.Release|Any CPU.ActiveCfg = Release|Any CPU
		{ED31DB02-D7B4-489A-B826-0EDF95A504C9}.Release|Any CPU.Build.0 = Release|Any CPU
	EndGlobalSection
	GlobalSection(SolutionProperties) = preSolution
		HideSolutionNode = FALSE
	EndGlobalSection
	GlobalSection(ExtensibilityGlobals) = postSolution
		SolutionGuid = {B95DE80D-D557-4AF2-A890-BD46ACB1DD2C}
	EndGlobalSection
EndGlobal
